
Microsoft Visual Studio Solution File, Format Version 12.00
# Visual Studio Version 17
VisualStudioVersion = 17.5.33516.290
MinimumVisualStudioVersion = 10.0.40219.1
Project("{9A19103F-16F7-4668-BE54-9A1E7A4F7556}") = "AcmeStudios.ApiRefactor", "Api\AcmeStudios.ApiRefactor.csproj", "{DF5E0747-F4C7-4D8E-BDF1-7DD4F88724A3}"
EndProject
Project("{FAE04EC0-301F-11D3-BF4B-00C04F79EFBC}") = "AcmeStudios.ApiRefactor.Models", "AcmeStudios.ApiRefactor.Models\AcmeStudios.ApiRefactor.Models.csproj", "{9FCBCFBE-00A5-4E3A-92F3-273F008A7530}"
EndProject
Project("{FAE04EC0-301F-11D3-BF4B-00C04F79EFBC}") = "AcmeStudios.ApiRefactor.Data", "AcmeStudios.ApiRefactor.Data\AcmeStudios.ApiRefactor.Data.csproj", "{70827854-D559-4AC5-8ECD-5C37DA7A50CF}"
EndProject
Project("{FAE04EC0-301F-11D3-BF4B-00C04F79EFBC}") = "AcmeStudios.ApiRefactor.Business", "AcmeStudios.ApiRefactor.Business\AcmeStudios.ApiRefactor.Business.csproj", "{7834BB0D-9A37-4D67-AE3C-91221005FFDF}"
EndProject
Project("{FAE04EC0-301F-11D3-BF4B-00C04F79EFBC}") = "AcmeStudios.ApiRefactor.Tests", "AcmeStudios.ApiRefactor.Tests\AcmeStudios.ApiRefactor.Tests.csproj", "{15EE64E5-0E9D-4279-80A0-A7401364BC29}"
EndProject
Global
	GlobalSection(SolutionConfigurationPlatforms) = preSolution
		Debug|Any CPU = Debug|Any CPU
		Release|Any CPU = Release|Any CPU
	EndGlobalSection
	GlobalSection(ProjectConfigurationPlatforms) = postSolution
		{DF5E0747-F4C7-4D8E-BDF1-7DD4F88724A3}.Debug|Any CPU.ActiveCfg = Debug|Any CPU
		{DF5E0747-F4C7-4D8E-BDF1-7DD4F88724A3}.Debug|Any CPU.Build.0 = Debug|Any CPU
		{DF5E0747-F4C7-4D8E-BDF1-7DD4F88724A3}.Release|Any CPU.ActiveCfg = Release|Any CPU
		{DF5E0747-F4C7-4D8E-BDF1-7DD4F88724A3}.Release|Any CPU.Build.0 = Release|Any CPU
		{9FCBCFBE-00A5-4E3A-92F3-273F008A7530}.Debug|Any CPU.ActiveCfg = Debug|Any CPU
		{9FCBCFBE-00A5-4E3A-92F3-273F008A7530}.Debug|Any CPU.Build.0 = Debug|Any CPU
		{9FCBCFBE-00A5-4E3A-92F3-273F008A7530}.Release|Any CPU.ActiveCfg = Release|Any CPU
		{9FCBCFBE-00A5-4E3A-92F3-273F008A7530}.Release|Any CPU.Build.0 = Release|Any CPU
		{70827854-D559-4AC5-8ECD-5C37DA7A50CF}.Debug|Any CPU.ActiveCfg = Debug|Any CPU
		{70827854-D559-4AC5-8ECD-5C37DA7A50CF}.Debug|Any CPU.Build.0 = Debug|Any CPU
		{70827854-D559-4AC5-8ECD-5C37DA7A50CF}.Release|Any CPU.ActiveCfg = Release|Any CPU
		{70827854-D559-4AC5-8ECD-5C37DA7A50CF}.Release|Any CPU.Build.0 = Release|Any CPU
		{7834BB0D-9A37-4D67-AE3C-91221005FFDF}.Debug|Any CPU.ActiveCfg = Debug|Any CPU
		{7834BB0D-9A37-4D67-AE3C-91221005FFDF}.Debug|Any CPU.Build.0 = Debug|Any CPU
		{7834BB0D-9A37-4D67-AE3C-91221005FFDF}.Release|Any CPU.ActiveCfg = Release|Any CPU
		{7834BB0D-9A37-4D67-AE3C-91221005FFDF}.Release|Any CPU.Build.0 = Release|Any CPU
		{15EE64E5-0E9D-4279-80A0-A7401364BC29}.Debug|Any CPU.ActiveCfg = Debug|Any CPU
		{15EE64E5-0E9D-4279-80A0-A7401364BC29}.Debug|Any CPU.Build.0 = Debug|Any CPU
		{15EE64E5-0E9D-4279-80A0-A7401364BC29}.Release|Any CPU.ActiveCfg = Release|Any CPU
		{15EE64E5-0E9D-4279-80A0-A7401364BC29}.Release|Any CPU.Build.0 = Release|Any CPU
	EndGlobalSection
	GlobalSection(SolutionProperties) = preSolution
		HideSolutionNode = FALSE
	EndGlobalSection
	GlobalSection(ExtensibilityGlobals) = postSolution
		SolutionGuid = {81CC3D48-0B97-4979-8BB0-AA43F5F91963}
	EndGlobalSection
EndGlobal
